PODS:
  - Alamofire (4.0.1)
  - AlamofireImage (3.1.0):
    - Alamofire (~> 4.0)
  - Bolts (1.8.4):
    - Bolts/AppLinks (= 1.8.4)
    - Bolts/Tasks (= 1.8.4)
  - Bolts/AppLinks (1.8.4):
    - Bolts/Tasks
  - Bolts/Tasks (1.8.4)
  - DateTools (1.7.0)
  - FBSDKCoreKit (4.16.0):
    - Bolts (~> 1.7)
  - FBSDKLoginKit (4.16.1):
    - FBSDKCoreKit
  - FBSDKShareKit (4.16.1):
    - FBSDKCoreKit
  - imglyKit (5.0.1)
  - JTSImageViewController (1.5.1)
  - KeychainAccess (3.0.0)
  - Spring (1.0.3)
  - SwiftyJSON (3.1.1)

DEPENDENCIES:
  - Alamofire
  - AlamofireImage
  - DateTools
  - FBSDKCoreKit
  - FBSDKLoginKit
  - FBSDKShareKit
  - imglyKit
  - JTSImageViewController
  - KeychainAccess
  - Spring (from `https://github.com/MengTo/Spring.git`)
  - SwiftyJSON

EXTERNAL SOURCES:
  Spring:
    :git: https://github.com/MengTo/Spring.git

CHECKOUT OPTIONS:
  Spring:
    :commit: 76cc3dec8be64285f93f52d42d3c331f5724b946
    :git: https://github.com/MengTo/Spring.git

SPEC CHECKSUMS:
  Alamofire: 7682d43245de14874acd142ec137b144aa1dd335
  AlamofireImage: bb8c8351c51cb1633bb6be69b6dbbaff37ce65b7
  Bolts: 8a7995239dbe724f9cba2248b766d48b7ebdd322
  DateTools: 53288ee8b905fdc75897a1e6b5cc0144b14cba60
  FBSDKCoreKit: 7a6baaed4a2b2a244ba253346713bdbc74df135b
  FBSDKLoginKit: 469a56cebe2e1ed62b1621d0b155970fd6aac2d8
  FBSDKShareKit: 53af0239b5bd2ebf191f32f75991245a208cc982
  imglyKit: 870cfcd0d4d9c6a9d3a27d7e120ae5edbbe6294a
  JTSImageViewController: 1f8ce1cc93dab0d0af8e53badeea7528560cfec9
  KeychainAccess: 412bf2650d9aebfc8135a58103b90ec38caad7f8
  Spring: 3f02b5dc3308572ef177b3cad0fa7bbc4b0706f7
  SwiftyJSON: f0be2e604f83e8405a624e9f891898bf6ed4e019

PODFILE CHECKSUM: 5db1991ed0944d6ab97d59035155cce5b46d2725

COCOAPODS: 1.1.0.rc.3
