// !$*UTF8*$!
{
	archiveVersion = 1;
	classes = {
	};
	objectVersion = 46;
	objects = {

/* Begin PBXBuildFile section */
		1100594B1BA9B1A300D2563A /* User.swift in Sources */ = {isa = PBXBuildFile; fileRef = 1100594A1BA9B1A300D2563A /* User.swift */; settings = {ASSET_TAGS = (); }; };
		11036ECA1B9D6DE900319E6B /* TFTextField.swift in Sources */ = {isa = PBXBuildFile; fileRef = 11036EC91B9D6DE900319E6B /* TFTextField.swift */; };
		11036ECD1B9D719D00319E6B /* TFTextFieldValidationError.swift in Sources */ = {isa = PBXBuildFile; fileRef = 11036ECC1B9D719D00319E6B /* TFTextFieldValidationError.swift */; };
		112CF9B81BAA964C001BF796 /* Post.swift in Sources */ = {isa = PBXBuildFile; fileRef = 112CF9B71BAA964C001BF796 /* Post.swift */; settings = {ASSET_TAGS = (); }; };
		112CF9C91BAB1225001BF796 /* work.gpx in Resources */ = {isa = PBXBuildFile; fileRef = 112CF9C71BAB1225001BF796 /* work.gpx */; settings = {ASSET_TAGS = (); }; };
		112CF9CA1BAB1225001BF796 /* home.gpx in Resources */ = {isa = PBXBuildFile; fileRef = 112CF9C81BAB1225001BF796 /* home.gpx */; settings = {ASSET_TAGS = (); }; };
		11355FE31BA031FD00BD1A64 /* MessageComposerViewController.swift in Sources */ = {isa = PBXBuildFile; fileRef = 11355FE21BA031FD00BD1A64 /* MessageComposerViewController.swift */; };
		11355FE61BA0356D00BD1A64 /* UITextView.swift in Sources */ = {isa = PBXBuildFile; fileRef = 11355FE51BA0356D00BD1A64 /* UITextView.swift */; };
		11355FE81BA05A6600BD1A64 /* PostsNavigationViewController.swift in Sources */ = {isa = PBXBuildFile; fileRef = 11355FE71BA05A6600BD1A64 /* PostsNavigationViewController.swift */; };
		11355FEA1BA0601F00BD1A64 /* PostsFeedViewController.swift in Sources */ = {isa = PBXBuildFile; fileRef = 11355FE91BA0601F00BD1A64 /* PostsFeedViewController.swift */; };
		11355FEC1BA0784800BD1A64 /* UINavigationItem.swift in Sources */ = {isa = PBXBuildFile; fileRef = 11355FEB1BA0784800BD1A64 /* UINavigationItem.swift */; };
		1135CB261B9CC3E000C6B78A /* SignInViewController.swift in Sources */ = {isa = PBXBuildFile; fileRef = 1135CB251B9CC3E000C6B78A /* SignInViewController.swift */; };
		1138D1811BA9FC3B00AA1CB1 /* UserSession.swift in Sources */ = {isa = PBXBuildFile; fileRef = 1138D1801BA9FC3B00AA1CB1 /* UserSession.swift */; settings = {ASSET_TAGS = (); }; };
		113CE3D11BA0AA1B00ED434A /* UserSearchTableViewController.swift in Sources */ = {isa = PBXBuildFile; fileRef = 113CE3D01BA0AA1B00ED434A /* UserSearchTableViewController.swift */; };
		113CE3D41BA0AFA900ED434A /* UserTableViewCell.swift in Sources */ = {isa = PBXBuildFile; fileRef = 113CE3D31BA0AFA900ED434A /* UserTableViewCell.swift */; };
		113CE3D61BA0BD8300ED434A /* ProfileTableViewController.swift in Sources */ = {isa = PBXBuildFile; fileRef = 113CE3D51BA0BD8300ED434A /* ProfileTableViewController.swift */; };
		113CE3D91BA0D3A200ED434A /* EditNameTableViewController.swift in Sources */ = {isa = PBXBuildFile; fileRef = 113CE3D81BA0D3A200ED434A /* EditNameTableViewController.swift */; };
		113CE3DB1BA0D4D900ED434A /* EditEmailAddressTableViewController.swift in Sources */ = {isa = PBXBuildFile; fileRef = 113CE3DA1BA0D4D900ED434A /* EditEmailAddressTableViewController.swift */; };
		113CE3DD1BA0D6F100ED434A /* EditPasswordTableViewController.swift in Sources */ = {isa = PBXBuildFile; fileRef = 113CE3DC1BA0D6F100ED434A /* EditPasswordTableViewController.swift */; };
		113CE3DF1BA0DD2F00ED434A /* EditProfileDashboardTableViewController.swift in Sources */ = {isa = PBXBuildFile; fileRef = 113CE3DE1BA0DD2F00ED434A /* EditProfileDashboardTableViewController.swift */; };
		114C00261B9CE7FD0053ECC4 /* SignUpTableViewController.swift in Sources */ = {isa = PBXBuildFile; fileRef = 114C00251B9CE7FD0053ECC4 /* SignUpTableViewController.swift */; };
		114C002C1B9CE9FC0053ECC4 /* Utilities.swift in Sources */ = {isa = PBXBuildFile; fileRef = 114C002B1B9CE9FC0053ECC4 /* Utilities.swift */; };
		11AB27401B9C6E8D00DF00E1 /* AppDelegate.swift in Sources */ = {isa = PBXBuildFile; fileRef = 11AB273F1B9C6E8D00DF00E1 /* AppDelegate.swift */; };
		11AB27451B9C6E8D00DF00E1 /* Main.storyboard in Resources */ = {isa = PBXBuildFile; fileRef = 11AB27431B9C6E8D00DF00E1 /* Main.storyboard */; };
		11AB27471B9C6E8D00DF00E1 /* Images.xcassets in Resources */ = {isa = PBXBuildFile; fileRef = 11AB27461B9C6E8D00DF00E1 /* Images.xcassets */; };
		11AB274A1B9C6E8D00DF00E1 /* LaunchScreen.xib in Resources */ = {isa = PBXBuildFile; fileRef = 11AB27481B9C6E8D00DF00E1 /* LaunchScreen.xib */; };
		11AB27561B9C6E8E00DF00E1 /* LomeTests.swift in Sources */ = {isa = PBXBuildFile; fileRef = 11AB27551B9C6E8E00DF00E1 /* LomeTests.swift */; };
		11AB27601B9CB17400DF00E1 /* Login.storyboard in Resources */ = {isa = PBXBuildFile; fileRef = 11AB275F1B9CB17400DF00E1 /* Login.storyboard */; };
		11AB27641B9CB51C00DF00E1 /* WelcomeViewController.swift in Sources */ = {isa = PBXBuildFile; fileRef = 11AB27631B9CB51C00DF00E1 /* WelcomeViewController.swift */; };
		11CFA4211BA1A882001FD262 /* UIViewController.swift in Sources */ = {isa = PBXBuildFile; fileRef = 11CFA4201BA1A882001FD262 /* UIViewController.swift */; };
		11CFA4241BA1AC5F001FD262 /* String.swift in Sources */ = {isa = PBXBuildFile; fileRef = 11CFA4231BA1AC5F001FD262 /* String.swift */; };
		11CFA4281BA1B6CB001FD262 /* Array.swift in Sources */ = {isa = PBXBuildFile; fileRef = 11CFA4271BA1B6CB001FD262 /* Array.swift */; };
		11CFA42C1BA1B985001FD262 /* Constants.swift in Sources */ = {isa = PBXBuildFile; fileRef = 11CFA42B1BA1B985001FD262 /* Constants.swift */; };
		11CFA42E1BA1D9EF001FD262 /* TFImageView.swift in Sources */ = {isa = PBXBuildFile; fileRef = 11CFA42D1BA1D9EF001FD262 /* TFImageView.swift */; };
		11E9EA3E1BA2129800108FFC /* PostTableViewCell.swift in Sources */ = {isa = PBXBuildFile; fileRef = 11E9EA3D1BA2129800108FFC /* PostTableViewCell.swift */; };
		11E9EA401BA2147E00108FFC /* PostViewController.swift in Sources */ = {isa = PBXBuildFile; fileRef = 11E9EA3F1BA2147E00108FFC /* PostViewController.swift */; };
		8B45C3F1AA9C285C71AA9FE2 /* Pods_Lome.framework in Frameworks */ = {isa = PBXBuildFile; fileRef = 78F0EDDA60BE56B5FA275C0A /* Pods_Lome.framework */; settings = {ATTRIBUTES = (Weak, ); }; };
/* End PBXBuildFile section */

/* Begin PBXContainerItemProxy section */
		11AB27501B9C6E8E00DF00E1 /* PBXContainerItemProxy */ = {
			isa = PBXContainerItemProxy;
			containerPortal = 11AB27321B9C6E8D00DF00E1 /* Project object */;
			proxyType = 1;
			remoteGlobalIDString = 11AB27391B9C6E8D00DF00E1;
			remoteInfo = Lome;
		};
/* End PBXContainerItemProxy section */

/* Begin PBXFileReference section */
		00E0B740EFD0221B4AC991A6 /* Pods-Lome.debug.xcconfig */ = {isa = PBXFileReference; includeInIndex = 1; lastKnownFileType = text.xcconfig; name = "Pods-Lome.debug.xcconfig"; path = "Pods/Target Support Files/Pods-Lome/Pods-Lome.debug.xcconfig"; sourceTree = "<group>"; };
		1100594A1BA9B1A300D2563A /* User.swift */ = {isa = PBXFileReference; fileEncoding = 4; lastKnownFileType = sourcecode.swift; path = User.swift; sourceTree = "<group>"; };
		11036EC91B9D6DE900319E6B /* TFTextField.swift */ = {isa = PBXFileReference; fileEncoding = 4; lastKnownFileType = sourcecode.swift; path = TFTextField.swift; sourceTree = "<group>"; };
		11036ECC1B9D719D00319E6B /* TFTextFieldValidationError.swift */ = {isa = PBXFileReference; fileEncoding = 4; lastKnownFileType = sourcecode.swift; path = TFTextFieldValidationError.swift; sourceTree = "<group>"; };
		112CF9B71BAA964C001BF796 /* Post.swift */ = {isa = PBXFileReference; fileEncoding = 4; lastKnownFileType = sourcecode.swift; path = Post.swift; sourceTree = "<group>"; };
		112CF9C71BAB1225001BF796 /* work.gpx */ = {isa = PBXFileReference; fileEncoding = 4; lastKnownFileType = text.xml; path = work.gpx; sourceTree = "<group>"; };
		112CF9C81BAB1225001BF796 /* home.gpx */ = {isa = PBXFileReference; fileEncoding = 4; lastKnownFileType = text.xml; path = home.gpx; sourceTree = "<group>"; };
		11355FE21BA031FD00BD1A64 /* MessageComposerViewController.swift */ = {isa = PBXFileReference; fileEncoding = 4; lastKnownFileType = sourcecode.swift; path = MessageComposerViewController.swift; sourceTree = "<group>"; };
		11355FE51BA0356D00BD1A64 /* UITextView.swift */ = {isa = PBXFileReference; fileEncoding = 4; lastKnownFileType = sourcecode.swift; path = UITextView.swift; sourceTree = "<group>"; };
		11355FE71BA05A6600BD1A64 /* PostsNavigationViewController.swift */ = {isa = PBXFileReference; fileEncoding = 4; lastKnownFileType = sourcecode.swift; path = PostsNavigationViewController.swift; sourceTree = "<group>"; };
		11355FE91BA0601F00BD1A64 /* PostsFeedViewController.swift */ = {isa = PBXFileReference; fileEncoding = 4; lastKnownFileType = sourcecode.swift; path = PostsFeedViewController.swift; sourceTree = "<group>"; };
		11355FEB1BA0784800BD1A64 /* UINavigationItem.swift */ = {isa = PBXFileReference; fileEncoding = 4; lastKnownFileType = sourcecode.swift; path = UINavigationItem.swift; sourceTree = "<group>"; };
		1135CB251B9CC3E000C6B78A /* SignInViewController.swift */ = {isa = PBXFileReference; fileEncoding = 4; lastKnownFileType = sourcecode.swift; path = SignInViewController.swift; sourceTree = "<group>"; };
		1138D1801BA9FC3B00AA1CB1 /* UserSession.swift */ = {isa = PBXFileReference; fileEncoding = 4; lastKnownFileType = sourcecode.swift; path = UserSession.swift; sourceTree = "<group>"; };
		113CE3D01BA0AA1B00ED434A /* UserSearchTableViewController.swift */ = {isa = PBXFileReference; fileEncoding = 4; lastKnownFileType = sourcecode.swift; path = UserSearchTableViewController.swift; sourceTree = "<group>"; };
		113CE3D31BA0AFA900ED434A /* UserTableViewCell.swift */ = {isa = PBXFileReference; fileEncoding = 4; lastKnownFileType = sourcecode.swift; path = UserTableViewCell.swift; sourceTree = "<group>"; };
		113CE3D51BA0BD8300ED434A /* ProfileTableViewController.swift */ = {isa = PBXFileReference; fileEncoding = 4; lastKnownFileType = sourcecode.swift; path = ProfileTableViewController.swift; sourceTree = "<group>"; };
		113CE3D81BA0D3A200ED434A /* EditNameTableViewController.swift */ = {isa = PBXFileReference; fileEncoding = 4; lastKnownFileType = sourcecode.swift; path = EditNameTableViewController.swift; sourceTree = "<group>"; };
		113CE3DA1BA0D4D900ED434A /* EditEmailAddressTableViewController.swift */ = {isa = PBXFileReference; fileEncoding = 4; lastKnownFileType = sourcecode.swift; path = EditEmailAddressTableViewController.swift; sourceTree = "<group>"; };
		113CE3DC1BA0D6F100ED434A /* EditPasswordTableViewController.swift */ = {isa = PBXFileReference; fileEncoding = 4; lastKnownFileType = sourcecode.swift; path = EditPasswordTableViewController.swift; sourceTree = "<group>"; };
		113CE3DE1BA0DD2F00ED434A /* EditProfileDashboardTableViewController.swift */ = {isa = PBXFileReference; fileEncoding = 4; lastKnownFileType = sourcecode.swift; path = EditProfileDashboardTableViewController.swift; sourceTree = "<group>"; };
		114C00251B9CE7FD0053ECC4 /* SignUpTableViewController.swift */ = {isa = PBXFileReference; fileEncoding = 4; lastKnownFileType = sourcecode.swift; path = SignUpTableViewController.swift; sourceTree = "<group>"; };
		114C002B1B9CE9FC0053ECC4 /* Utilities.swift */ = {isa = PBXFileReference; fileEncoding = 4; lastKnownFileType = sourcecode.swift; path = Utilities.swift; sourceTree = "<group>"; };
		11AB273A1B9C6E8D00DF00E1 /* Lome.app */ = {isa = PBXFileReference; explicitFileType = wrapper.application; includeInIndex = 0; path = Lome.app; sourceTree = BUILT_PRODUCTS_DIR; };
		11AB273E1B9C6E8D00DF00E1 /* Info.plist */ = {isa = PBXFileReference; lastKnownFileType = text.plist.xml; path = Info.plist; sourceTree = "<group>"; };
		11AB273F1B9C6E8D00DF00E1 /* AppDelegate.swift */ = {isa = PBXFileReference; lastKnownFileType = sourcecode.swift; path = AppDelegate.swift; sourceTree = "<group>"; };
		11AB27441B9C6E8D00DF00E1 /* Base */ = {isa = PBXFileReference; lastKnownFileType = file.storyboard; name = Base; path = Base.lproj/Main.storyboard; sourceTree = "<group>"; };
		11AB27461B9C6E8D00DF00E1 /* Images.xcassets */ = {isa = PBXFileReference; lastKnownFileType = folder.assetcatalog; path = Images.xcassets; sourceTree = "<group>"; };
		11AB27491B9C6E8D00DF00E1 /* Base */ = {isa = PBXFileReference; lastKnownFileType = file.xib; name = Base; path = Base.lproj/LaunchScreen.xib; sourceTree = "<group>"; };
		11AB274F1B9C6E8E00DF00E1 /* LomeTests.xctest */ = {isa = PBXFileReference; explicitFileType = wrapper.cfbundle; includeInIndex = 0; path = LomeTests.xctest; sourceTree = BUILT_PRODUCTS_DIR; };
		11AB27541B9C6E8E00DF00E1 /* Info.plist */ = {isa = PBXFileReference; lastKnownFileType = text.plist.xml; path = Info.plist; sourceTree = "<group>"; };
		11AB27551B9C6E8E00DF00E1 /* LomeTests.swift */ = {isa = PBXFileReference; lastKnownFileType = sourcecode.swift; path = LomeTests.swift; sourceTree = "<group>"; };
		11AB275F1B9CB17400DF00E1 /* Login.storyboard */ = {isa = PBXFileReference; fileEncoding = 4; lastKnownFileType = file.storyboard; path = Login.storyboard; sourceTree = "<group>"; };
		11AB27631B9CB51C00DF00E1 /* WelcomeViewController.swift */ = {isa = PBXFileReference; fileEncoding = 4; lastKnownFileType = sourcecode.swift; path = WelcomeViewController.swift; sourceTree = "<group>"; };
		11CFA4201BA1A882001FD262 /* UIViewController.swift */ = {isa = PBXFileReference; fileEncoding = 4; lastKnownFileType = sourcecode.swift; path = UIViewController.swift; sourceTree = "<group>"; };
		11CFA4231BA1AC5F001FD262 /* String.swift */ = {isa = PBXFileReference; fileEncoding = 4; lastKnownFileType = sourcecode.swift; path = String.swift; sourceTree = "<group>"; };
		11CFA4271BA1B6CB001FD262 /* Array.swift */ = {isa = PBXFileReference; fileEncoding = 4; lastKnownFileType = sourcecode.swift; path = Array.swift; sourceTree = "<group>"; };
		11CFA42B1BA1B985001FD262 /* Constants.swift */ = {isa = PBXFileReference; fileEncoding = 4; lastKnownFileType = sourcecode.swift; path = Constants.swift; sourceTree = "<group>"; };
		11CFA42D1BA1D9EF001FD262 /* TFImageView.swift */ = {isa = PBXFileReference; fileEncoding = 4; lastKnownFileType = sourcecode.swift; path = TFImageView.swift; sourceTree = "<group>"; };
		11E9EA3D1BA2129800108FFC /* PostTableViewCell.swift */ = {isa = PBXFileReference; fileEncoding = 4; lastKnownFileType = sourcecode.swift; path = PostTableViewCell.swift; sourceTree = "<group>"; };
		11E9EA3F1BA2147E00108FFC /* PostViewController.swift */ = {isa = PBXFileReference; fileEncoding = 4; lastKnownFileType = sourcecode.swift; path = PostViewController.swift; sourceTree = "<group>"; };
		3A72E035F15434EB45502A82 /* Pods-Lome.release.xcconfig */ = {isa = PBXFileReference; includeInIndex = 1; lastKnownFileType = text.xcconfig; name = "Pods-Lome.release.xcconfig"; path = "Pods/Target Support Files/Pods-Lome/Pods-Lome.release.xcconfig"; sourceTree = "<group>"; };
		78F0EDDA60BE56B5FA275C0A /* Pods_Lome.framework */ = {isa = PBXFileReference; explicitFileType = wrapper.framework; includeInIndex = 0; path = Pods_Lome.framework; sourceTree = BUILT_PRODUCTS_DIR; };
/* End PBXFileReference section */

/* Begin PBXFrameworksBuildPhase section */
		11AB27371B9C6E8D00DF00E1 /* Frameworks */ = {
			isa = PBXFrameworksBuildPhase;
			buildActionMask = 2147483647;
			files = (
				8B45C3F1AA9C285C71AA9FE2 /* Pods_Lome.framework in Frameworks */,
			);
			runOnlyForDeploymentPostprocessing = 0;
		};
		11AB274C1B9C6E8E00DF00E1 /* Frameworks */ = {
			isa = PBXFrameworksBuildPhase;
			buildActionMask = 2147483647;
			files = (
			);
			runOnlyForDeploymentPostprocessing = 0;
		};
/* End PBXFrameworksBuildPhase section */

/* Begin PBXGroup section */
		110059491BA9B18800D2563A /* Model */ = {
			isa = PBXGroup;
			children = (
				1138D1801BA9FC3B00AA1CB1 /* UserSession.swift */,
				1100594A1BA9B1A300D2563A /* User.swift */,
				112CF9B71BAA964C001BF796 /* Post.swift */,
			);
			name = Model;
			sourceTree = "<group>";
		};
		11036EC81B9D6DD800319E6B /* Classes */ = {
			isa = PBXGroup;
			children = (
				11036EC91B9D6DE900319E6B /* TFTextField.swift */,
				11CFA42D1BA1D9EF001FD262 /* TFImageView.swift */,
			);
			name = Classes;
			sourceTree = "<group>";
		};
		11036ECB1B9D719000319E6B /* Enums */ = {
			isa = PBXGroup;
			children = (
				11036ECC1B9D719D00319E6B /* TFTextFieldValidationError.swift */,
			);
			name = Enums;
			sourceTree = "<group>";
		};
		11036ECE1B9E335600319E6B /* Main */ = {
			isa = PBXGroup;
			children = (
				113CE3D71BA0D37200ED434A /* Settings */,
				113CE3D21BA0AF9000ED434A /* Cells */,
				11355FE21BA031FD00BD1A64 /* MessageComposerViewController.swift */,
				11355FE71BA05A6600BD1A64 /* PostsNavigationViewController.swift */,
				11355FE91BA0601F00BD1A64 /* PostsFeedViewController.swift */,
				113CE3D01BA0AA1B00ED434A /* UserSearchTableViewController.swift */,
				113CE3D51BA0BD8300ED434A /* ProfileTableViewController.swift */,
				11E9EA3F1BA2147E00108FFC /* PostViewController.swift */,
			);
			name = Main;
			sourceTree = "<group>";
		};
		11355FE41BA0355800BD1A64 /* Extensions */ = {
			isa = PBXGroup;
			children = (
				11355FE51BA0356D00BD1A64 /* UITextView.swift */,
				11355FEB1BA0784800BD1A64 /* UINavigationItem.swift */,
				11CFA4201BA1A882001FD262 /* UIViewController.swift */,
				11CFA4231BA1AC5F001FD262 /* String.swift */,
				11CFA4271BA1B6CB001FD262 /* Array.swift */,
			);
			name = Extensions;
			sourceTree = "<group>";
		};
		113CE3D21BA0AF9000ED434A /* Cells */ = {
			isa = PBXGroup;
			children = (
				113CE3D31BA0AFA900ED434A /* UserTableViewCell.swift */,
				11E9EA3D1BA2129800108FFC /* PostTableViewCell.swift */,
			);
			name = Cells;
			sourceTree = "<group>";
		};
		113CE3D71BA0D37200ED434A /* Settings */ = {
			isa = PBXGroup;
			children = (
				113CE3D81BA0D3A200ED434A /* EditNameTableViewController.swift */,
				113CE3DA1BA0D4D900ED434A /* EditEmailAddressTableViewController.swift */,
				113CE3DC1BA0D6F100ED434A /* EditPasswordTableViewController.swift */,
				113CE3DE1BA0DD2F00ED434A /* EditProfileDashboardTableViewController.swift */,
			);
			name = Settings;
			sourceTree = "<group>";
		};
		114C002A1B9CE9EA0053ECC4 /* Helper */ = {
			isa = PBXGroup;
			children = (
				114C002B1B9CE9FC0053ECC4 /* Utilities.swift */,
				11CFA42B1BA1B985001FD262 /* Constants.swift */,
			);
			name = Helper;
			sourceTree = "<group>";
		};
		11AB27311B9C6E8D00DF00E1 = {
			isa = PBXGroup;
			children = (
				112CF9C71BAB1225001BF796 /* work.gpx */,
				112CF9C81BAB1225001BF796 /* home.gpx */,
				11AB273C1B9C6E8D00DF00E1 /* Lome */,
				11AB27521B9C6E8E00DF00E1 /* LomeTests */,
				11AB273B1B9C6E8D00DF00E1 /* Products */,
				80EF483C39A78F043D9DDBE7 /* Pods */,
				82674B60D4124E892A6E70C2 /* Frameworks */,
			);
			sourceTree = "<group>";
		};
		11AB273B1B9C6E8D00DF00E1 /* Products */ = {
			isa = PBXGroup;
			children = (
				11AB273A1B9C6E8D00DF00E1 /* Lome.app */,
				11AB274F1B9C6E8E00DF00E1 /* LomeTests.xctest */,
			);
			name = Products;
			sourceTree = "<group>";
		};
		11AB273C1B9C6E8D00DF00E1 /* Lome */ = {
			isa = PBXGroup;
			children = (
				110059491BA9B18800D2563A /* Model */,
				11355FE41BA0355800BD1A64 /* Extensions */,
				11036ECB1B9D719000319E6B /* Enums */,
				11036EC81B9D6DD800319E6B /* Classes */,
				114C002A1B9CE9EA0053ECC4 /* Helper */,
				11AB27611B9CB4F000DF00E1 /* Controller */,
				11AB273F1B9C6E8D00DF00E1 /* AppDelegate.swift */,
				11AB27431B9C6E8D00DF00E1 /* Main.storyboard */,
				11AB27461B9C6E8D00DF00E1 /* Images.xcassets */,
				11AB27481B9C6E8D00DF00E1 /* LaunchScreen.xib */,
				11AB273D1B9C6E8D00DF00E1 /* Supporting Files */,
				11AB275F1B9CB17400DF00E1 /* Login.storyboard */,
			);
			path = Lome;
			sourceTree = "<group>";
		};
		11AB273D1B9C6E8D00DF00E1 /* Supporting Files */ = {
			isa = PBXGroup;
			children = (
				11AB273E1B9C6E8D00DF00E1 /* Info.plist */,
			);
			name = "Supporting Files";
			sourceTree = "<group>";
		};
		11AB27521B9C6E8E00DF00E1 /* LomeTests */ = {
			isa = PBXGroup;
			children = (
				11AB27551B9C6E8E00DF00E1 /* LomeTests.swift */,
				11AB27531B9C6E8E00DF00E1 /* Supporting Files */,
			);
			path = LomeTests;
			sourceTree = "<group>";
		};
		11AB27531B9C6E8E00DF00E1 /* Supporting Files */ = {
			isa = PBXGroup;
			children = (
				11AB27541B9C6E8E00DF00E1 /* Info.plist */,
			);
			name = "Supporting Files";
			sourceTree = "<group>";
		};
		11AB27611B9CB4F000DF00E1 /* Controller */ = {
			isa = PBXGroup;
			children = (
				11036ECE1B9E335600319E6B /* Main */,
				11AB27621B9CB50000DF00E1 /* Login */,
			);
			name = Controller;
			sourceTree = "<group>";
		};
		11AB27621B9CB50000DF00E1 /* Login */ = {
			isa = PBXGroup;
			children = (
				11AB27631B9CB51C00DF00E1 /* WelcomeViewController.swift */,
				1135CB251B9CC3E000C6B78A /* SignInViewController.swift */,
				114C00251B9CE7FD0053ECC4 /* SignUpTableViewController.swift */,
			);
			name = Login;
			sourceTree = "<group>";
		};
		80EF483C39A78F043D9DDBE7 /* Pods */ = {
			isa = PBXGroup;
			children = (
				00E0B740EFD0221B4AC991A6 /* Pods-Lome.debug.xcconfig */,
				3A72E035F15434EB45502A82 /* Pods-Lome.release.xcconfig */,
			);
			name = Pods;
			sourceTree = "<group>";
		};
		82674B60D4124E892A6E70C2 /* Frameworks */ = {
			isa = PBXGroup;
			children = (
				78F0EDDA60BE56B5FA275C0A /* Pods_Lome.framework */,
			);
			name = Frameworks;
			sourceTree = "<group>";
		};
/* End PBXGroup section */

/* Begin PBXNativeTarget section */
		11AB27391B9C6E8D00DF00E1 /* Lome */ = {
			isa = PBXNativeTarget;
			buildConfigurationList = 11AB27591B9C6E8E00DF00E1 /* Build configuration list for PBXNativeTarget "Lome" */;
			buildPhases = (
				10CC41E3BDB0C8A1F8290461 /* Check Pods Manifest.lock */,
				11AB27361B9C6E8D00DF00E1 /* Sources */,
				11AB27371B9C6E8D00DF00E1 /* Frameworks */,
				11AB27381B9C6E8D00DF00E1 /* Resources */,
				90E0988BD9B845ED2338E55A /* Embed Pods Frameworks */,
				2541BF80D328E93563BE6F68 /* Copy Pods Resources */,
			);
			buildRules = (
			);
			dependencies = (
			);
			name = Lome;
			productName = Lome;
			productReference = 11AB273A1B9C6E8D00DF00E1 /* Lome.app */;
			productType = "com.apple.product-type.application";
		};
		11AB274E1B9C6E8E00DF00E1 /* LomeTests */ = {
			isa = PBXNativeTarget;
			buildConfigurationList = 11AB275C1B9C6E8E00DF00E1 /* Build configuration list for PBXNativeTarget "LomeTests" */;
			buildPhases = (
				11AB274B1B9C6E8E00DF00E1 /* Sources */,
				11AB274C1B9C6E8E00DF00E1 /* Frameworks */,
				11AB274D1B9C6E8E00DF00E1 /* Resources */,
			);
			buildRules = (
			);
			dependencies = (
				11AB27511B9C6E8E00DF00E1 /* PBXTargetDependency */,
			);
			name = LomeTests;
			productName = LomeTests;
			productReference = 11AB274F1B9C6E8E00DF00E1 /* LomeTests.xctest */;
			productType = "com.apple.product-type.bundle.unit-test";
		};
/* End PBXNativeTarget section */

/* Begin PBXProject section */
		11AB27321B9C6E8D00DF00E1 /* Project object */ = {
			isa = PBXProject;
			attributes = {
				LastSwiftMigration = 0700;
				LastSwiftUpdateCheck = 0700;
				LastUpgradeCheck = 0700;
				ORGANIZATIONNAME = "Tobias Feistmantl";
				TargetAttributes = {
					11AB27391B9C6E8D00DF00E1 = {
						CreatedOnToolsVersion = 6.4;
						DevelopmentTeam = 44TXR88BY8;
					};
					11AB274E1B9C6E8E00DF00E1 = {
						CreatedOnToolsVersion = 6.4;
						TestTargetID = 11AB27391B9C6E8D00DF00E1;
					};
				};
			};
			buildConfigurationList = 11AB27351B9C6E8D00DF00E1 /* Build configuration list for PBXProject "Lome" */;
			compatibilityVersion = "Xcode 3.2";
			developmentRegion = English;
			hasScannedForEncodings = 0;
			knownRegions = (
				en,
				Base,
			);
			mainGroup = 11AB27311B9C6E8D00DF00E1;
			productRefGroup = 11AB273B1B9C6E8D00DF00E1 /* Products */;
			projectDirPath = "";
			projectRoot = "";
			targets = (
				11AB27391B9C6E8D00DF00E1 /* Lome */,
				11AB274E1B9C6E8E00DF00E1 /* LomeTests */,
			);
		};
/* End PBXProject section */

/* Begin PBXResourcesBuildPhase section */
		11AB27381B9C6E8D00DF00E1 /* Resources */ = {
			isa = PBXResourcesBuildPhase;
			buildActionMask = 2147483647;
			files = (
				11AB27601B9CB17400DF00E1 /* Login.storyboard in Resources */,
				112CF9C91BAB1225001BF796 /* work.gpx in Resources */,
				112CF9CA1BAB1225001BF796 /* home.gpx in Resources */,
				11AB27451B9C6E8D00DF00E1 /* Main.storyboard in Resources */,
				11AB274A1B9C6E8D00DF00E1 /* LaunchScreen.xib in Resources */,
				11AB27471B9C6E8D00DF00E1 /* Images.xcassets in Resources */,
			);
			runOnlyForDeploymentPostprocessing = 0;
		};
		11AB274D1B9C6E8E00DF00E1 /* Resources */ = {
			isa = PBXResourcesBuildPhase;
			buildActionMask = 2147483647;
			files = (
			);
			runOnlyForDeploymentPostprocessing = 0;
		};
/* End PBXResourcesBuildPhase section */

/* Begin PBXShellScriptBuildPhase section */
		10CC41E3BDB0C8A1F8290461 /* Check Pods Manifest.lock */ = {
			isa = PBXShellScriptBuildPhase;
			buildActionMask = 2147483647;
			files = (
			);
			inputPaths = (
			);
			name = "Check Pods Manifest.lock";
			outputPaths = (
			);
			runOnlyForDeploymentPostprocessing = 0;
			shellPath = /bin/sh;
			shellScript = "diff \"${PODS_ROOT}/../Podfile.lock\" \"${PODS_ROOT}/Manifest.lock\" > /dev/null\nif [[ $? != 0 ]] ; then\n    cat << EOM\nerror: The sandbox is not in sync with the Podfile.lock. Run 'pod install' or update your CocoaPods installation.\nEOM\n    exit 1\nfi\n";
			showEnvVarsInLog = 0;
		};
		2541BF80D328E93563BE6F68 /* Copy Pods Resources */ = {
			isa = PBXShellScriptBuildPhase;
			buildActionMask = 2147483647;
			files = (
			);
			inputPaths = (
			);
			name = "Copy Pods Resources";
			outputPaths = (
			);
			runOnlyForDeploymentPostprocessing = 0;
			shellPath = /bin/sh;
			shellScript = "\"${SRCROOT}/Pods/Target Support Files/Pods-Lome/Pods-Lome-resources.sh\"\n";
			showEnvVarsInLog = 0;
		};
		90E0988BD9B845ED2338E55A /* Embed Pods Frameworks */ = {
			isa = PBXShellScriptBuildPhase;
			buildActionMask = 2147483647;
			files = (
			);
			inputPaths = (
			);
			name = "Embed Pods Frameworks";
			outputPaths = (
			);
			runOnlyForDeploymentPostprocessing = 0;
			shellPath = /bin/sh;
			shellScript = "\"${SRCROOT}/Pods/Target Support Files/Pods-Lome/Pods-Lome-frameworks.sh\"\n";
			showEnvVarsInLog = 0;
		};
/* End PBXShellScriptBuildPhase section */

/* Begin PBXSourcesBuildPhase section */
		11AB27361B9C6E8D00DF00E1 /* Sources */ = {
			isa = PBXSourcesBuildPhase;
			buildActionMask = 2147483647;
			files = (
				11036ECD1B9D719D00319E6B /* TFTextFieldValidationError.swift in Sources */,
				114C002C1B9CE9FC0053ECC4 /* Utilities.swift in Sources */,
				113CE3DD1BA0D6F100ED434A /* EditPasswordTableViewController.swift in Sources */,
				1138D1811BA9FC3B00AA1CB1 /* UserSession.swift in Sources */,
				113CE3D41BA0AFA900ED434A /* UserTableViewCell.swift in Sources */,
				11CFA42E1BA1D9EF001FD262 /* TFImageView.swift in Sources */,
				1100594B1BA9B1A300D2563A /* User.swift in Sources */,
				11355FE31BA031FD00BD1A64 /* MessageComposerViewController.swift in Sources */,
				11AB27401B9C6E8D00DF00E1 /* AppDelegate.swift in Sources */,
				11CFA42C1BA1B985001FD262 /* Constants.swift in Sources */,
				11355FE61BA0356D00BD1A64 /* UITextView.swift in Sources */,
				113CE3D61BA0BD8300ED434A /* ProfileTableViewController.swift in Sources */,
				11355FEA1BA0601F00BD1A64 /* PostsFeedViewController.swift in Sources */,
				113CE3D11BA0AA1B00ED434A /* UserSearchTableViewController.swift in Sources */,
				11355FEC1BA0784800BD1A64 /* UINavigationItem.swift in Sources */,
				11AB27641B9CB51C00DF00E1 /* WelcomeViewController.swift in Sources */,
				11355FE81BA05A6600BD1A64 /* PostsNavigationViewController.swift in Sources */,
				11036ECA1B9D6DE900319E6B /* TFTextField.swift in Sources */,
				11E9EA401BA2147E00108FFC /* PostViewController.swift in Sources */,
				11CFA4211BA1A882001FD262 /* UIViewController.swift in Sources */,
				11E9EA3E1BA2129800108FFC /* PostTableViewCell.swift in Sources */,
				113CE3DB1BA0D4D900ED434A /* EditEmailAddressTableViewController.swift in Sources */,
				112CF9B81BAA964C001BF796 /* Post.swift in Sources */,
				1135CB261B9CC3E000C6B78A /* SignInViewController.swift in Sources */,
				11CFA4281BA1B6CB001FD262 /* Array.swift in Sources */,
				113CE3D91BA0D3A200ED434A /* EditNameTableViewController.swift in Sources */,
				11CFA4241BA1AC5F001FD262 /* String.swift in Sources */,
				113CE3DF1BA0DD2F00ED434A /* EditProfileDashboardTableViewController.swift in Sources */,
				114C00261B9CE7FD0053ECC4 /* SignUpTableViewController.swift in Sources */,
			);
			runOnlyForDeploymentPostprocessing = 0;
		};
		11AB274B1B9C6E8E00DF00E1 /* Sources */ = {
			isa = PBXSourcesBuildPhase;
			buildActionMask = 2147483647;
			files = (
				11AB27561B9C6E8E00DF00E1 /* LomeTests.swift in Sources */,
			);
			runOnlyForDeploymentPostprocessing = 0;
		};
/* End PBXSourcesBuildPhase section */

/* Begin PBXTargetDependency section */
		11AB27511B9C6E8E00DF00E1 /* PBXTargetDependency */ = {
			isa = PBXTargetDependency;
			target = 11AB27391B9C6E8D00DF00E1 /* Lome */;
			targetProxy = 11AB27501B9C6E8E00DF00E1 /* PBXContainerItemProxy */;
		};
/* End PBXTargetDependency section */

/* Begin PBXVariantGroup section */
		11AB27431B9C6E8D00DF00E1 /* Main.storyboard */ = {
			isa = PBXVariantGroup;
			children = (
				11AB27441B9C6E8D00DF00E1 /* Base */,
			);
			name = Main.storyboard;
			sourceTree = "<group>";
		};
		11AB27481B9C6E8D00DF00E1 /* LaunchScreen.xib */ = {
			isa = PBXVariantGroup;
			children = (
				11AB27491B9C6E8D00DF00E1 /* Base */,
			);
			name = LaunchScreen.xib;
			sourceTree = "<group>";
		};
/* End PBXVariantGroup section */

/* Begin XCBuildConfiguration section */
		11AB27571B9C6E8E00DF00E1 /* Debug */ = {
			isa = XCBuildConfiguration;
			buildSettings = {
				ALWAYS_SEARCH_USER_PATHS = NO;
				CLANG_CXX_LANGUAGE_STANDARD = "gnu++0x";
				CLANG_CXX_LIBRARY = "libc++";
				CLANG_ENABLE_MODULES = YES;
				CLANG_ENABLE_OBJC_ARC = YES;
				CLANG_WARN_BOOL_CONVERSION = YES;
				CLANG_WARN_CONSTANT_CONVERSION = YES;
				CLANG_WARN_DIRECT_OBJC_ISA_USAGE = YES_ERROR;
				CLANG_WARN_EMPTY_BODY = YES;
				CLANG_WARN_ENUM_CONVERSION = YES;
				CLANG_WARN_INT_CONVERSION = YES;
				CLANG_WARN_OBJC_ROOT_CLASS = YES_ERROR;
				CLANG_WARN_UNREACHABLE_CODE = YES;
				CLANG_WARN__DUPLICATE_METHOD_MATCH = YES;
				"CODE_SIGN_IDENTITY[sdk=iphoneos*]" = "iPhone Developer";
				COPY_PHASE_STRIP = NO;
				DEBUG_INFORMATION_FORMAT = "dwarf-with-dsym";
				ENABLE_STRICT_OBJC_MSGSEND = YES;
				ENABLE_TESTABILITY = YES;
				GCC_C_LANGUAGE_STANDARD = gnu99;
				GCC_DYNAMIC_NO_PIC = NO;
				GCC_NO_COMMON_BLOCKS = YES;
				GCC_OPTIMIZATION_LEVEL = 0;
				GCC_PREPROCESSOR_DEFINITIONS = (
					"DEBUG=1",
					"$(inherited)",
				);
				GCC_SYMBOLS_PRIVATE_EXTERN = NO;
				GCC_WARN_64_TO_32_BIT_CONVERSION = YES;
				GCC_WARN_ABOUT_RETURN_TYPE = YES_ERROR;
				GCC_WARN_UNDECLARED_SELECTOR = YES;
				GCC_WARN_UNINITIALIZED_AUTOS = YES_AGGRESSIVE;
				GCC_WARN_UNUSED_FUNCTION = YES;
				GCC_WARN_UNUSED_VARIABLE = YES;
				IPHONEOS_DEPLOYMENT_TARGET = 8.4;
				MTL_ENABLE_DEBUG_INFO = YES;
				ONLY_ACTIVE_ARCH = YES;
				SDKROOT = iphoneos;
				SWIFT_OPTIMIZATION_LEVEL = "-Onone";
			};
			name = Debug;
		};
		11AB27581B9C6E8E00DF00E1 /* Release */ = {
			isa = XCBuildConfiguration;
			buildSettings = {
				ALWAYS_SEARCH_USER_PATHS = NO;
				CLANG_CXX_LANGUAGE_STANDARD = "gnu++0x";
				CLANG_CXX_LIBRARY = "libc++";
				CLANG_ENABLE_MODULES = YES;
				CLANG_ENABLE_OBJC_ARC = YES;
				CLANG_WARN_BOOL_CONVERSION = YES;
				CLANG_WARN_CONSTANT_CONVERSION = YES;
				CLANG_WARN_DIRECT_OBJC_ISA_USAGE = YES_ERROR;
				CLANG_WARN_EMPTY_BODY = YES;
				CLANG_WARN_ENUM_CONVERSION = YES;
				CLANG_WARN_INT_CONVERSION = YES;
				CLANG_WARN_OBJC_ROOT_CLASS = YES_ERROR;
				CLANG_WARN_UNREACHABLE_CODE = YES;
				CLANG_WARN__DUPLICATE_METHOD_MATCH = YES;
				"CODE_SIGN_IDENTITY[sdk=iphoneos*]" = "iPhone Developer";
				COPY_PHASE_STRIP = NO;
				DEBUG_INFORMATION_FORMAT = "dwarf-with-dsym";
				ENABLE_NS_ASSERTIONS = NO;
				ENABLE_STRICT_OBJC_MSGSEND = YES;
				GCC_C_LANGUAGE_STANDARD = gnu99;
				GCC_NO_COMMON_BLOCKS = YES;
				GCC_WARN_64_TO_32_BIT_CONVERSION = YES;
				GCC_WARN_ABOUT_RETURN_TYPE = YES_ERROR;
				GCC_WARN_UNDECLARED_SELECTOR = YES;
				GCC_WARN_UNINITIALIZED_AUTOS = YES_AGGRESSIVE;
				GCC_WARN_UNUSED_FUNCTION = YES;
				GCC_WARN_UNUSED_VARIABLE = YES;
				IPHONEOS_DEPLOYMENT_TARGET = 8.4;
				MTL_ENABLE_DEBUG_INFO = NO;
				SDKROOT = iphoneos;
				VALIDATE_PRODUCT = YES;
			};
			name = Release;
		};
		11AB275A1B9C6E8E00DF00E1 /* Debug */ = {
			isa = XCBuildConfiguration;
			baseConfigurationReference = 00E0B740EFD0221B4AC991A6 /* Pods-Lome.debug.xcconfig */;
			buildSettings = {
				ASSETCATALOG_COMPILER_APPICON_NAME = AppIcon;
				CODE_SIGN_IDENTITY = "iPhone Developer";
				"CODE_SIGN_IDENTITY[sdk=iphoneos*]" = "iPhone Developer";
				INFOPLIST_FILE = Lome/Info.plist;
				LD_RUNPATH_SEARCH_PATHS = "$(inherited) @executable_path/Frameworks";
				PRODUCT_BUNDLE_IDENTIFIER = "net.feistmantl.$(PRODUCT_NAME:rfc1034identifier)";
				PRODUCT_NAME = "$(TARGET_NAME)";
				PROVISIONING_PROFILE = "";
			};
			name = Debug;
		};
		11AB275B1B9C6E8E00DF00E1 /* Release */ = {
			isa = XCBuildConfiguration;
			baseConfigurationReference = 3A72E035F15434EB45502A82 /* Pods-Lome.release.xcconfig */;
			buildSettings = {
				ASSETCATALOG_COMPILER_APPICON_NAME = AppIcon;
				CODE_SIGN_IDENTITY = "iPhone Developer";
				"CODE_SIGN_IDENTITY[sdk=iphoneos*]" = "iPhone Developer";
				INFOPLIST_FILE = Lome/Info.plist;
				LD_RUNPATH_SEARCH_PATHS = "$(inherited) @executable_path/Frameworks";
				PRODUCT_BUNDLE_IDENTIFIER = "net.feistmantl.$(PRODUCT_NAME:rfc1034identifier)";
				PRODUCT_NAME = "$(TARGET_NAME)";
				PROVISIONING_PROFILE = "";
			};
			name = Release;
		};
		11AB275D1B9C6E8E00DF00E1 /* Debug */ = {
			isa = XCBuildConfiguration;
			buildSettings = {
				BUNDLE_LOADER = "$(TEST_HOST)";
				FRAMEWORK_SEARCH_PATHS = "";
				GCC_PREPROCESSOR_DEFINITIONS = (
					"DEBUG=1",
					"$(inherited)",
				);
				INFOPLIST_FILE = LomeTests/Info.plist;
				LD_RUNPATH_SEARCH_PATHS = "$(inherited) @executable_path/Frameworks @loader_path/Frameworks";
				PRODUCT_BUNDLE_IDENTIFIER = "net.feistmantl.$(PRODUCT_NAME:rfc1034identifier)";
				PRODUCT_NAME = "$(TARGET_NAME)";
				TEST_HOST = "$(BUILT_PRODUCTS_DIR)/Lome.app/Lome";
			};
			name = Debug;
		};
		11AB275E1B9C6E8E00DF00E1 /* Release */ = {
			isa = XCBuildConfiguration;
			buildSettings = {
				BUNDLE_LOADER = "$(TEST_HOST)";
				FRAMEWORK_SEARCH_PATHS = "";
				INFOPLIST_FILE = LomeTests/Info.plist;
				LD_RUNPATH_SEARCH_PATHS = "$(inherited) @executable_path/Frameworks @loader_path/Frameworks";
				PRODUCT_BUNDLE_IDENTIFIER = "net.feistmantl.$(PRODUCT_NAME:rfc1034identifier)";
				PRODUCT_NAME = "$(TARGET_NAME)";
				TEST_HOST = "$(BUILT_PRODUCTS_DIR)/Lome.app/Lome";
			};
			name = Release;
		};
/* End XCBuildConfiguration section */

/* Begin XCConfigurationList section */
		11AB27351B9C6E8D00DF00E1 /* Build configuration list for PBXProject "Lome" */ = {
			isa = XCConfigurationList;
			buildConfigurations = (
				11AB27571B9C6E8E00DF00E1 /* Debug */,
				11AB27581B9C6E8E00DF00E1 /* Release */,
			);
			defaultConfigurationIsVisible = 0;
			defaultConfigurationName = Release;
		};
		11AB27591B9C6E8E00DF00E1 /* Build configuration list for PBXNativeTarget "Lome" */ = {
			isa = XCConfigurationList;
			buildConfigurations = (
				11AB275A1B9C6E8E00DF00E1 /* Debug */,
				11AB275B1B9C6E8E00DF00E1 /* Release */,
			);
			defaultConfigurationIsVisible = 0;
			defaultConfigurationName = Release;
		};
		11AB275C1B9C6E8E00DF00E1 /* Build configuration list for PBXNativeTarget "LomeTests" */ = {
			isa = XCConfigurationList;
			buildConfigurations = (
				11AB275D1B9C6E8E00DF00E1 /* Debug */,
				11AB275E1B9C6E8E00DF00E1 /* Release */,
			);
			defaultConfigurationIsVisible = 0;
			defaultConfigurationName = Release;
		};
/* End XCConfigurationList section */
	};
	rootObject = 11AB27321B9C6E8D00DF00E1 /* Project object */;
}
